
Microsoft Visual Studio Solution File, Format Version 12.00
# Visual Studio Version 17
VisualStudioVersion = 17.3.32825.248
MinimumVisualStudioVersion = 10.0.40219.1
Project("{FAE04EC0-301F-11D3-BF4B-00C04F79EFBC}") = "DPSSharpShooter", "DPSSharpShooter\DPSSharpShooter.csproj", "{77614525-73D3-4B0A-BF6C-FE5E8506434A}"
EndProject
Global
	GlobalSection(SolutionConfigurationPlatforms) = preSolution
		Debug|Any CPU = Debug|Any CPU
		Release|Any CPU = Release|Any CPU
	EndGlobalSection
	GlobalSection(ProjectConfigurationPlatforms) = postSolution
		{77614525-73D3-4B0A-BF6C-FE5E8506434A}.Debug|Any CPU.ActiveCfg = Release|Any CPU
		{77614525-73D3-4B0A-BF6C-FE5E8506434A}.Debug|Any CPU.Build.0 = Release|Any CPU
		{77614525-73D3-4B0A-BF6C-FE5E8506434A}.Release|Any CPU.ActiveCfg = Debug|Any CPU
		{77614525-73D3-4B0A-BF6C-FE5E8506434A}.Release|Any CPU.Build.0 = Debug|Any CPU
	EndGlobalSection
	GlobalSection(SolutionProperties) = preSolution
		HideSolutionNode = FALSE
	EndGlobalSection
	GlobalSection(ExtensibilityGlobals) = postSolution
		SolutionGuid = {2B98D88E-7EA0-41D9-AB10-AD3C10CE9786}
	EndGlobalSection
EndGlobal
